
Microsoft Visual Studio Solution File, Format Version 12.00
# Visual Studio Version 16
VisualStudioVersion = 16.0.30709.132
MinimumVisualStudioVersion = 10.0.40219.1
Project("{9A19103F-16F7-4668-BE54-9A1E7A4F7556}") = "Test", "Test\Test.csproj", "{59029ED0-EB4C-4D37-B4F8-DDF0E4A98582}"
EndProject
Global
	GlobalSection(SolutionConfigurationPlatforms) = preSolution
		Debug|Any CPU = Debug|Any CPU
		Release|Any CPU = Release|Any CPU
	EndGlobalSection
	GlobalSection(ProjectConfigurationPlatforms) = postSolution
		{59029ED0-EB4C-4D37-B4F8-DDF0E4A98582}.Debug|Any CPU.ActiveCfg = Debug|Any CPU
		{59029ED0-EB4C-4D37-B4F8-DDF0E4A98582}.Debug|Any CPU.Build.0 = Debug|Any CPU
		{59029ED0-EB4C-4D37-B4F8-DDF0E4A98582}.Release|Any CPU.ActiveCfg = Release|Any CPU
		{59029ED0-EB4C-4D37-B4F8-DDF0E4A98582}.Release|Any CPU.Build.0 = Release|Any CPU
	EndGlobalSection
	GlobalSection(SolutionProperties) = preSolution
		HideSolutionNode = FALSE
	EndGlobalSection
	GlobalSection(ExtensibilityGlobals) = postSolution
		SolutionGuid = {10384815-6186-49F9-8B95-24369C2F2BCC}
	EndGlobalSection
EndGlobal
